
Microsoft Visual Studio Solution File, Format Version 12.00
# Visual Studio Version 16
VisualStudioVersion = 16.0.30517.126
MinimumVisualStudioVersion = 10.0.40219.1
Project("{9A19103F-16F7-4668-BE54-9A1E7A4F7556}") = "WebsitePortfolioJTorres.Server", "WebsitePortfolioJTorres\Server\WebsitePortfolioJTorres.Server.csproj", "{C9D05E37-1509-4019-95F4-BF8279752C42}"
EndProject
Project("{9A19103F-16F7-4668-BE54-9A1E7A4F7556}") = "WebsitePortfolioJTorres.Client", "WebsitePortfolioJTorres\Client\WebsitePortfolioJTorres.Client.csproj", "{6E220C4E-F047-4724-AF4D-A07F73315B20}"
EndProject
Project("{9A19103F-16F7-4668-BE54-9A1E7A4F7556}") = "WebsitePortfolioJTorres.Shared", "WebsitePortfolioJTorres\Shared\WebsitePortfolioJTorres.Shared.csproj", "{173F0F01-8942-4139-BA69-264CE9C7B638}"
EndProject
Global
	GlobalSection(SolutionConfigurationPlatforms) = preSolution
		Debug|Any CPU = Debug|Any CPU
		Release|Any CPU = Release|Any CPU
	EndGlobalSection
	GlobalSection(ProjectConfigurationPlatforms) = postSolution
		{C9D05E37-1509-4019-95F4-BF8279752C42}.Debug|Any CPU.ActiveCfg = Debug|Any CPU
		{C9D05E37-1509-4019-95F4-BF8279752C42}.Debug|Any CPU.Build.0 = Debug|Any CPU
		{C9D05E37-1509-4019-95F4-BF8279752C42}.Release|Any CPU.ActiveCfg = Release|Any CPU
		{C9D05E37-1509-4019-95F4-BF8279752C42}.Release|Any CPU.Build.0 = Release|Any CPU
		{6E220C4E-F047-4724-AF4D-A07F73315B20}.Debug|Any CPU.ActiveCfg = Debug|Any CPU
		{6E220C4E-F047-4724-AF4D-A07F73315B20}.Debug|Any CPU.Build.0 = Debug|Any CPU
		{6E220C4E-F047-4724-AF4D-A07F73315B20}.Release|Any CPU.ActiveCfg = Release|Any CPU
		{6E220C4E-F047-4724-AF4D-A07F73315B20}.Release|Any CPU.Build.0 = Release|Any CPU
		{173F0F01-8942-4139-BA69-264CE9C7B638}.Debug|Any CPU.ActiveCfg = Debug|Any CPU
		{173F0F01-8942-4139-BA69-264CE9C7B638}.Debug|Any CPU.Build.0 = Debug|Any CPU
		{173F0F01-8942-4139-BA69-264CE9C7B638}.Release|Any CPU.ActiveCfg = Release|Any CPU
		{173F0F01-8942-4139-BA69-264CE9C7B638}.Release|Any CPU.Build.0 = Release|Any CPU
	EndGlobalSection
	GlobalSection(SolutionProperties) = preSolution
		HideSolutionNode = FALSE
	EndGlobalSection
	GlobalSection(ExtensibilityGlobals) = postSolution
		SolutionGuid = {9B457642-3F57-4E9B-9C1D-FCF070436B7E}
	EndGlobalSection
EndGlobal
